<?xml version="1.0" encoding="UTF-8" standalone="yes" ?>
<CodeBlocks_project_file>
	<FileVersion major="1" minor="6" />
	<Project>
		<Option title="ArmaxRaw" />
		<Option pch_mode="2" />
		<Option compiler="msvc2013-x86" />
		<Build>
			<Target title="msw-x86-d-vc">
				<Option output="$(HOME)/.medit/data/sony/ps2/$(PROJECT_NAME)-$(TARGET_NAME)" prefix_auto="1" extension_auto="1" />
				<Option object_output="$(TEMP)/obj/medit/$(PROJECT_NAME)/$(TARGET_NAME)" />
				<Option type="3" />
				<Option compiler="msvc2013-x86" />
				<Option createDefFile="1" />
				<Option createStaticLib="1" />
				<Compiler>
					<Add option="/MDd" />
					<Add option="/W3" />
					<Add option="/Zi" />
					<Add option="/DBUILD_HACK_LIB" />
					<Add option="/D_DEBUG" />
					<Add option="/D_X86_" />
					<Add directory="$(WIN8)/include/um" />
					<Add directory="$(WIN8)/include/shared" />
				</Compiler>
				<ResourceCompiler>
					<Add directory="$(WIN8)/include/um" />
					<Add directory="$(WIN8)/include/shared" />
				</ResourceCompiler>
				<Linker>
					<Add option="/DEBUG" />
					<Add option="/INCREMENTAL:NO" />
					<Add library="user32" />
					<Add library="shell32" />
					<Add directory="$(WIN8)/Lib/winv6.3/um/x86" />
				</Linker>
				<ExtraCommands>
					<Add after='mt.exe /nologo /manifest &quot;bin\ArmaxRaw.dll.manifest&quot; /outputresource:&quot;bin\ArmaxRaw.dll&quot;;2' />
				</ExtraCommands>
			</Target>
			<Target title="msw-x86-vc">
				<Option output="$(HOME)/.medit/data/sony/ps2/$(PROJECT_NAME)-$(TARGET_NAME)" prefix_auto="1" extension_auto="1" />
				<Option object_output="$(TEMP)/obj/medit/$(PROJECT_NAME)/$(TARGET_NAME)" />
				<Option type="3" />
				<Option compiler="msvc2013-x86" />
				<Option createDefFile="1" />
				<Option createStaticLib="1" />
				<Compiler>
					<Add option="/MD" />
					<Add option="/Ox" />
					<Add option="/W3" />
					<Add option="/DBUILD_HACK_LIB" />
					<Add option="/DNDEBUG" />
					<Add option="/D_X86_" />
					<Add directory="$(WIN8)/include/um" />
					<Add directory="$(WIN8)/include/shared" />
				</Compiler>
				<ResourceCompiler>
					<Add directory="$(WIN8)/include/um" />
					<Add directory="$(WIN8)/include/shared" />
				</ResourceCompiler>
				<Linker>
					<Add option="/INCREMENTAL:NO" />
					<Add library="user32" />
					<Add library="shell32" />
					<Add directory="$(WIN8)/Lib/winv6.3/um/x86" />
				</Linker>
				<ExtraCommands>
					<Add after='mt.exe /nologo /manifest &quot;bin\ArmaxRaw.dll.manifest&quot; /outputresource:&quot;bin\ArmaxRaw.dll&quot;;2' />
				</ExtraCommands>
			</Target>
			<Target title="msw-x86-d-gcc">
				<Option output="$(HOME)/.medit/data/sony/ps2/$(PROJECT_NAME)-$(TARGET_NAME)" prefix_auto="1" extension_auto="1" />
				<Option object_output="$(TEMP)/obj/medit/$(PROJECT_NAME)/$(TARGET_NAME)" />
				<Option type="3" />
				<Option compiler="gcc" />
				<Option createDefFile="1" />
				<Option createStaticLib="1" />
				<Compiler>
					<Add option="-Wall" />
					<Add option="-g" />
					<Add option="-DBUILD_HACK_LIB" />
					<Add option="-D_DEBUG" />
					<Add option="-D_X86_" />
					<Add directory="$(MINGW)/include" />
				</Compiler>
				<ResourceCompiler>
					<Add directory="$(MINGW)/include" />
				</ResourceCompiler>
				<Linker>
					<Add library="user32" />
					<Add library="shell32" />
					<Add directory="$(MINGW)/lib" />
				</Linker>
				<ExtraCommands>
					<Add after='mt.exe /nologo /manifest &quot;bin\ArmaxRaw.dll.manifest&quot; /outputresource:&quot;bin\ArmaxRaw.dll&quot;;2' />
				</ExtraCommands>
			</Target>
			<Target title="msw-x86-gcc">
				<Option output="$(HOME)/.medit/data/sony/ps2/$(PROJECT_NAME)-$(TARGET_NAME)" prefix_auto="1" extension_auto="1" />
				<Option object_output="$(TEMP)/obj/medit/$(PROJECT_NAME)/$(TARGET_NAME)" />
				<Option type="3" />
				<Option compiler="gcc" />
				<Option createDefFile="1" />
				<Option createStaticLib="1" />
				<Compiler>
					<Add option="-fomit-frame-pointer" />
					<Add option="-Wall" />
					<Add option="-DBUILD_HACK_LIB" />
					<Add option="-DNDEBUG" />
					<Add option="-D_X86_" />
					<Add directory="$(MINGW)/include" />
				</Compiler>
				<ResourceCompiler>
					<Add directory="$(MINGW)/include" />
				</ResourceCompiler>
				<Linker>
					<Add option="-s" />
					<Add library="user32" />
					<Add library="shell32" />
					<Add directory="$(MINGW)/lib" />
				</Linker>
				<ExtraCommands>
					<Add after='mt.exe /nologo /manifest &quot;bin\ArmaxRaw.dll.manifest&quot; /outputresource:&quot;bin\ArmaxRaw.dll&quot;;2' />
				</ExtraCommands>
			</Target>
		</Build>
		<Compiler>
			<Add directory="$(IPIPE)" />
		</Compiler>
		<ResourceCompiler>
			<Add directory="$(IPIPE)" />
		</ResourceCompiler>
		<Linker>
			<Add library="Ipipe-$(TARGET_NAME)" />
			<Add directory="$(LIB)" />
		</Linker>
		<Unit filename="ArmaxRaw.c">
			<Option compilerVar="CC" />
		</Unit>
		<Unit filename="ArmaxRawMain.c">
			<Option compilerVar="CC" />
		</Unit>
		<Unit filename="ArmaxRawMain.h" />
		<Unit filename="_hack.h" />
		<Unit filename="hack.h" />
		<Extensions>
			<code_completion />
			<envvars />
			<debugger />
			<lib_finder disable_auto="1" />
			<editor_config active="1" use_tabs="0" tab_indents="1" tab_width="2" indent="2" eol_mode="0" />
		</Extensions>
	</Project>
</CodeBlocks_project_file>
