<?xml version="1.0" encoding="UTF-8" standalone="yes" ?>
<CodeBlocks_project_file>
	<FileVersion major="1" minor="6" />
	<Project>
		<Option title="meditSmallGui" />
		<Option pch_mode="2" />
		<Option compiler="msvc2013-x86" />
		<Build>
			<Target title="msw-x86-d-vc">
				<Option output="$(BIN)/medit/$(PROJECT_NAME)-$(TARGET_NAME)" prefix_auto="1" extension_auto="1" />
				<Option object_output="$(TEMP)/obj/medit/$(PROJECT_NAME)/$(TARGET_NAME)" />
				<Option type="0" />
				<Option compiler="msvc2013-x86" />
				<Compiler>
					<Add option="/MD" />
					<Add option="/Zi" />
					<Add option="/D_DEBUG" />
					<Add directory="$(WIN8)/include/shared" />
					<Add directory="$(WIN8)/include/um" />
					<Add directory="$(IUP)/include" />
					<Add directory="$(IPIPE)" />
				</Compiler>
				<ResourceCompiler>
					<Add directory="$(WIN8)/include/shared" />
					<Add directory="$(WIN8)/include/um" />
					<Add directory="$(IUP)/include" />
					<Add directory="$(IPIPE)" />
				</ResourceCompiler>
				<Linker>
					<Add option="/DEBUG" />
					<Add option="/MANIFEST:NO" />
					<Add library="iup" />
					<Add library="iupstub" />
					<Add library="gdi32" />
					<Add library="comdlg32" />
					<Add library="comctl32" />
					<Add library="uuid" />
					<Add library="oleaut32" />
					<Add library="ole32" />
					<Add library="shell32" />
					<Add library="Ipipe-$(TARGET_NAME)" />
					<Add directory="$(WIN8)/Lib/winv6.3/um/x86" />
					<Add directory="$(IUP)" />
					<Add directory="$(LIB)" />
				</Linker>
			</Target>
			<Target title="msw-x86-vc">
				<Option output="$(BIN)/medit/$(PROJECT_NAME)-$(TARGET_NAME)" prefix_auto="1" extension_auto="1" />
				<Option object_output="$(TEMP)/obj/medit/$(PROJECT_NAME)/$(TARGET_NAME)" />
				<Option type="0" />
				<Option compiler="msvc2013-x86" />
				<Compiler>
					<Add option="/MD" />
					<Add option="/Ox" />
					<Add option="/DNDEBUG" />
					<Add directory="$(WIN8)/include/shared" />
					<Add directory="$(WIN8)/include/um" />
					<Add directory="$(IUP)/include" />
					<Add directory="$(IPIPE)" />
				</Compiler>
				<ResourceCompiler>
					<Add directory="$(WIN8)/include/shared" />
					<Add directory="$(WIN8)/include/um" />
					<Add directory="$(IUP)/include" />
					<Add directory="$(IPIPE)" />
				</ResourceCompiler>
				<Linker>
					<Add option="/MANIFEST:NO" />
					<Add library="iup" />
					<Add library="iupstub" />
					<Add library="gdi32" />
					<Add library="comdlg32" />
					<Add library="comctl32" />
					<Add library="uuid" />
					<Add library="oleaut32" />
					<Add library="ole32" />
					<Add library="shell32" />
					<Add library="Ipipe-$(TARGET_NAME)" />
					<Add directory="$(WIN8)/Lib/winv6.3/um/x86" />
					<Add directory="$(IUP)" />
					<Add directory="$(LIB)" />
				</Linker>
			</Target>
			<Target title="msw-x86-d-gcc">
				<Option output="$(BIN)/medit/$(PROJECT_NAME)-$(TARGET_NAME)" prefix_auto="1" extension_auto="1" />
				<Option object_output="$(TEMP)/obj/medit/$(PROJECT_NAME)/$(TARGET_NAME)" />
				<Option type="0" />
				<Option compiler="gcc" />
				<Compiler>
					<Add option="-Wall" />
					<Add option="-g" />
					<Add option="/MD" />
					<Add option="/Zi" />
					<Add option="-D_DEBUG" />
					<Add option="-D_WIN32" />
					<Add option="-D_X86_" />
					<Add directory="$(MINGW)/include" />
					<Add directory="$(IUP)/include" />
					<Add directory="$(IPIPE)" />
				</Compiler>
				<ResourceCompiler>
					<Add directory="$(MINGW)/include" />
					<Add directory="$(IUP)/include" />
					<Add directory="$(IPIPE)" />
				</ResourceCompiler>
				<Linker>
					<Add option="/DEBUG" />
					<Add option="/MANIFEST:NO" />
					<Add library="iup" />
					<Add library="iupstub" />
					<Add library="gdi32" />
					<Add library="comdlg32" />
					<Add library="comctl32" />
					<Add library="uuid" />
					<Add library="oleaut32" />
					<Add library="ole32" />
					<Add library="shell32" />
					<Add library="Ipipe-$(TARGET_NAME)" />
					<Add directory="$(MINGW)/lib" />
					<Add directory="$(IUP)" />
					<Add directory="$(LIB)" />
				</Linker>
			</Target>
			<Target title="msw-x86-gcc">
				<Option output="$(BIN)/medit/$(PROJECT_NAME)-$(TARGET_NAME)" prefix_auto="1" extension_auto="1" />
				<Option object_output="$(TEMP)/obj/medit/$(PROJECT_NAME)/$(TARGET_NAME)" />
				<Option type="0" />
				<Option compiler="gcc" />
				<Compiler>
					<Add option="-fomit-frame-pointer" />
					<Add option="/MD" />
					<Add option="/Ox" />
					<Add option="-DNDEBUG" />
					<Add option="-D_WIN32" />
					<Add option="-D_X86_" />
					<Add directory="$(MINGW)/include" />
					<Add directory="$(IUP)/include" />
					<Add directory="$(IPIPE)" />
				</Compiler>
				<ResourceCompiler>
					<Add directory="$(MINGW)/include" />
					<Add directory="$(IUP)/include" />
					<Add directory="$(IPIPE)" />
				</ResourceCompiler>
				<Linker>
					<Add option="-s" />
					<Add option="/MANIFEST:NO" />
					<Add library="iup" />
					<Add library="iupstub" />
					<Add library="gdi32" />
					<Add library="comdlg32" />
					<Add library="comctl32" />
					<Add library="uuid" />
					<Add library="oleaut32" />
					<Add library="ole32" />
					<Add library="shell32" />
					<Add library="Ipipe-$(TARGET_NAME)" />
					<Add directory="$(MINGW)/lib" />
					<Add directory="$(IUP)" />
					<Add directory="$(LIB)" />
				</Linker>
			</Target>
		</Build>
		<Compiler>
			<Add option="/W3" />
			<Add option="/DGUI_SHARED" />
		</Compiler>
		<Unit filename="../Ipipe/ipipe/c.h" />
		<Unit filename="_guiMain.h" />
		<Unit filename="_hack.h" />
		<Unit filename="appCwd.c">
			<Option compilerVar="CC" />
		</Unit>
		<Unit filename="appData.h" />
		<Unit filename="appLang.c">
			<Option compilerVar="CC" />
		</Unit>
		<Unit filename="appLib.c">
			<Option compilerVar="CC" />
		</Unit>
		<Unit filename="appLng.h" />
		<Unit filename="endian.c">
			<Option compilerVar="CC" />
		</Unit>
		<Unit filename="ftoa.c">
			<Option compilerVar="CC" />
		</Unit>
		<Unit filename="guiHacks/guiCode.c">
			<Option compilerVar="CC" />
		</Unit>
		<Unit filename="guiHacks/guiCode.h" />
		<Unit filename="guiHacks/guiCodes.c">
			<Option compilerVar="CC" />
		</Unit>
		<Unit filename="guiHacks/guiCodes.h" />
		<Unit filename="guiHacks/guiHack.c">
			<Option compilerVar="CC" />
		</Unit>
		<Unit filename="guiHacks/guiHack.h" />
		<Unit filename="guiHacks/guiHacks.c">
			<Option compilerVar="CC" />
		</Unit>
		<Unit filename="guiHacks/guiHacks.h" />
		<Unit filename="guiInfo/guiBase.c">
			<Option compilerVar="CC" />
		</Unit>
		<Unit filename="guiInfo/guiBase.h" />
		<Unit filename="guiInfo/guiCmp.c">
			<Option compilerVar="CC" />
		</Unit>
		<Unit filename="guiInfo/guiCmp.h" />
		<Unit filename="guiInfo/guiFile.c">
			<Option compilerVar="CC" />
		</Unit>
		<Unit filename="guiInfo/guiList.c">
			<Option compilerVar="CC" />
		</Unit>
		<Unit filename="guiInfo/guiName.c">
			<Option compilerVar="CC" />
		</Unit>
		<Unit filename="guiInfo/guiOrg.c">
			<Option compilerVar="CC" />
		</Unit>
		<Unit filename="guiInfo/guiOrg.h" />
		<Unit filename="guiInfo/guiPfm.c">
			<Option compilerVar="CC" />
		</Unit>
		<Unit filename="guiInfo/guiPfm.h" />
		<Unit filename="guiInfo/guiPro.c">
			<Option compilerVar="CC" />
		</Unit>
		<Unit filename="guiInfo/guiPro.h" />
		<Unit filename="guiInfo/guiSpin.c">
			<Option compilerVar="CC" />
		</Unit>
		<Unit filename="guiInfo/guiSpin.h" />
		<Unit filename="guiInfo/guiTar.c">
			<Option compilerVar="CC" />
		</Unit>
		<Unit filename="guiInfo/guiTar.h" />
		<Unit filename="guiInfo/guiText.c">
			<Option compilerVar="CC" />
		</Unit>
		<Unit filename="guiInfo/guiText.h" />
		<Unit filename="guiInfo/guiVal.c">
			<Option compilerVar="CC" />
		</Unit>
		<Unit filename="guiInfo/guiVal.h" />
		<Unit filename="guiMain.h" />
		<Unit filename="guiMenu.c">
			<Option compilerVar="CC" />
		</Unit>
		<Unit filename="guiQry/bQry.c">
			<Option compilerVar="CC" />
		</Unit>
		<Unit filename="guiQry/fQry.c">
			<Option compilerVar="CC" />
		</Unit>
		<Unit filename="guiQry/guiQry.c">
			<Option compilerVar="CC" />
		</Unit>
		<Unit filename="guiQry/guiQry.h" />
		<Unit filename="guiQry/guiRes.c">
			<Option compilerVar="CC" />
		</Unit>
		<Unit filename="guiQry/guiRes.h" />
		<Unit filename="guiQry/iQry.c">
			<Option compilerVar="CC" />
		</Unit>
		<Unit filename="guiQry/qry.h" />
		<Unit filename="guiQry/search.c">
			<Option compilerVar="CC" />
		</Unit>
		<Unit filename="guiQry/uQry.c">
			<Option compilerVar="CC" />
		</Unit>
		<Unit filename="hack.h" />
		<Unit filename="meditGui.c">
			<Option compilerVar="CC" />
		</Unit>
		<Unit filename="readme.txt">
			<Option target="&lt;{~None~}&gt;" />
		</Unit>
		<Extensions>
			<code_completion />
			<envvars />
			<debugger />
			<lib_finder disable_auto="1" />
			<DoxyBlocks>
				<comment_style block="0" line="2" />
				<doxyfile_project />
				<doxyfile_build />
				<doxyfile_warnings />
				<doxyfile_output />
				<doxyfile_dot />
				<general />
			</DoxyBlocks>
		</Extensions>
	</Project>
</CodeBlocks_project_file>
