<?xml version="1.0" encoding="UTF-8" standalone="yes" ?>
<CodeBlocks_project_file>
	<FileVersion major="1" minor="6" />
	<Project>
		<Option title="medit" />
		<Option pch_mode="2" />
		<Option compiler="msvc2013-x86" />
		<Build>
			<Target title="msw-x86-d-vc">
				<Option output="$(BIN)/medit/medit" prefix_auto="1" extension_auto="1" />
				<Option object_output="$(TMP)/obj/medit/$(TARGET_NAME)/" />
				<Option type="1" />
				<Option compiler="msvc2013-x86" />
				<Compiler>
					<Add option="/Zi" />
					<Add option="/D_DEBUG" />
					<Add directory="$(WIN8)/include/um" />
					<Add directory="$(WIN8)/include/shared" />
				</Compiler>
				<ResourceCompiler>
					<Add directory="$(WIN8)/include/um" />
					<Add directory="$(WIN8)/include/shared" />
				</ResourceCompiler>
				<Linker>
					<Add option="/DEBUG" />
					<Add directory="$(WIN8)/Lib/winv6.3/um/x86" />
				</Linker>
			</Target>
			<Target title="msw-x86-vc">
				<Option output="$(BIN)/medit/medit" prefix_auto="1" extension_auto="1" />
				<Option object_output="$(TMP)/obj/medit/$(TARGET_NAME)/" />
				<Option type="1" />
				<Option compiler="msvc2013-x86" />
				<Option use_console_runner="0" />
				<Compiler>
					<Add option="/Ox" />
					<Add option="/DNDEBUG" />
					<Add directory="$(WIN8)/include/um" />
					<Add directory="$(WIN8)/include/shared" />
				</Compiler>
				<ResourceCompiler>
					<Add directory="$(WIN8)/include/um" />
					<Add directory="$(WIN8)/include/shared" />
				</ResourceCompiler>
				<Linker>
					<Add directory="$(WIN8)/Lib/winv6.3/um/x86" />
				</Linker>
			</Target>
			<Target title="msw-x64-d-vc">
				<Option output="$(BIN)/medit/medit" prefix_auto="1" extension_auto="1" />
				<Option object_output="$(TMP)/obj/medit/$(TARGET_NAME)/" />
				<Option type="1" />
				<Option compiler="msvc2013-x86" />
				<Compiler>
					<Add option="/Zi" />
					<Add option="/D_DEBUG" />
					<Add directory="$(WIN8)/include/um" />
					<Add directory="$(WIN8)/include/shared" />
				</Compiler>
				<ResourceCompiler>
					<Add directory="$(WIN8)/include/um" />
					<Add directory="$(WIN8)/include/shared" />
				</ResourceCompiler>
				<Linker>
					<Add option="/DEBUG" />
					<Add directory="$(WIN8)/Lib/winv6.3/um/x86" />
				</Linker>
			</Target>
			<Target title="msw-x64-vc">
				<Option output="$(BIN)/medit/medit" prefix_auto="1" extension_auto="1" />
				<Option object_output="$(TMP)/obj/medit/$(TARGET_NAME)/" />
				<Option type="1" />
				<Option compiler="msvc2013-x86" />
				<Option use_console_runner="0" />
				<Compiler>
					<Add option="/Ox" />
					<Add option="/DNDEBUG" />
					<Add directory="$(WIN8)/include/um" />
					<Add directory="$(WIN8)/include/shared" />
				</Compiler>
				<ResourceCompiler>
					<Add directory="$(WIN8)/include/um" />
					<Add directory="$(WIN8)/include/shared" />
				</ResourceCompiler>
				<Linker>
					<Add directory="$(WIN8)/Lib/winv6.3/um/x86" />
				</Linker>
			</Target>
		</Build>
		<Compiler>
			<Add option="/W3" />
			<Add directory="$(IPIPE)" />
		</Compiler>
		<ResourceCompiler>
			<Add directory="$(IPIPE)" />
		</ResourceCompiler>
		<Linker>
			<Add library="Ipipe-$(TARGET_NAME)" />
			<Add directory="$(LIB)" />
		</Linker>
		<Unit filename="medit.c">
			<Option compilerVar="CC" />
		</Unit>
		<Extensions>
			<code_completion />
			<envvars />
			<debugger />
			<lib_finder disable_auto="1" />
		</Extensions>
	</Project>
</CodeBlocks_project_file>
